// !$*UTF8*$!
{
	archiveVersion = 1;
	classes = {
	};
	objectVersion = 54;
	objects = {

/* Begin PBXBuildFile section */
		AE808BEE276945E500FE59F1 /* Day13.swift in Sources */ = {isa = PBXBuildFile; fileRef = AE808BED276945E500FE59F1 /* Day13.swift */; };
		AE808BF1276A615F00FE59F1 /* Day14.swift in Sources */ = {isa = PBXBuildFile; fileRef = AE808BF0276A615F00FE59F1 /* Day14.swift */; };
		AE808BF4276BE90200FE59F1 /* Day15.swift in Sources */ = {isa = PBXBuildFile; fileRef = AE808BF3276BE90200FE59F1 /* Day15.swift */; };
		AE808BFA2770F6D000FE59F1 /* Coordinate.swift in Sources */ = {isa = PBXBuildFile; fileRef = AE808BF92770F6D000FE59F1 /* Coordinate.swift */; };
		AE808BFD2771098B00FE59F1 /* Heap.swift in Sources */ = {isa = PBXBuildFile; fileRef = AE808BFC2771098B00FE59F1 /* Heap.swift */; };
		CC40A2FF275B78DE00B4C8EA /* Day4.swift in Sources */ = {isa = PBXBuildFile; fileRef = CC40A2FE275B78DE00B4C8EA /* Day4.swift */; };
		CC40A306275D2FD000B4C8EA /* Day5.swift in Sources */ = {isa = PBXBuildFile; fileRef = CC40A305275D2FD000B4C8EA /* Day5.swift */; };
		CC40A308275E1D4800B4C8EA /* Day6.swift in Sources */ = {isa = PBXBuildFile; fileRef = CC40A307275E1D4800B4C8EA /* Day6.swift */; };
		CC81A5C62761EACC00D1A6E4 /* Day8.swift in Sources */ = {isa = PBXBuildFile; fileRef = CC81A5C52761EACC00D1A6E4 /* Day8.swift */; };
		CC81A5CA2764E89100D1A6E4 /* Day9.swift in Sources */ = {isa = PBXBuildFile; fileRef = CC81A5C92764E89100D1A6E4 /* Day9.swift */; };
		CC81A5CC27654AFB00D1A6E4 /* Day10.swift in Sources */ = {isa = PBXBuildFile; fileRef = CC81A5CB27654AFB00D1A6E4 /* Day10.swift */; };
		CC8D24CE275AAE65002287B2 /* Day3.swift in Sources */ = {isa = PBXBuildFile; fileRef = CC8D24CD275AAE65002287B2 /* Day3.swift */; };
		CC9A857A276607EA00CCE0A3 /* Day11.swift in Sources */ = {isa = PBXBuildFile; fileRef = CC9A8579276607EA00CCE0A3 /* Day11.swift */; };
		CC9A857C2767DDE500CCE0A3 /* Day12.swift in Sources */ = {isa = PBXBuildFile; fileRef = CC9A857B2767DDE500CCE0A3 /* Day12.swift */; };
		CCE08472275F56FD00E04174 /* Day7.swift in Sources */ = {isa = PBXBuildFile; fileRef = CCE08471275F56FD00E04174 /* Day7.swift */; };
		CCFEE9602757974900F4F086 /* main.swift in Sources */ = {isa = PBXBuildFile; fileRef = CCFEE95F2757974900F4F086 /* main.swift */; };
		CCFEE9672757979000F4F086 /* Day1.swift in Sources */ = {isa = PBXBuildFile; fileRef = CCFEE9662757979000F4F086 /* Day1.swift */; };
		CCFEE9692758A9C400F4F086 /* Day2.swift in Sources */ = {isa = PBXBuildFile; fileRef = CCFEE9682758A9C400F4F086 /* Day2.swift */; };
/* End PBXBuildFile section */

/* Begin PBXCopyFilesBuildPhase section */
		CCFEE95A2757974900F4F086 /* CopyFiles */ = {
			isa = PBXCopyFilesBuildPhase;
			buildActionMask = 2147483647;
			dstPath = /usr/share/man/man1/;
			dstSubfolderSpec = 0;
			files = (
			);
			runOnlyForDeploymentPostprocessing = 1;
		};
/* End PBXCopyFilesBuildPhase section */

/* Begin PBXFileReference section */
		AE808BED276945E500FE59F1 /* Day13.swift */ = {isa = PBXFileReference; lastKnownFileType = sourcecode.swift; path = Day13.swift; sourceTree = "<group>"; };
		AE808BF0276A615F00FE59F1 /* Day14.swift */ = {isa = PBXFileReference; lastKnownFileType = sourcecode.swift; path = Day14.swift; sourceTree = "<group>"; };
		AE808BF3276BE90200FE59F1 /* Day15.swift */ = {isa = PBXFileReference; lastKnownFileType = sourcecode.swift; path = Day15.swift; sourceTree = "<group>"; };
		AE808BF92770F6D000FE59F1 /* Coordinate.swift */ = {isa = PBXFileReference; lastKnownFileType = sourcecode.swift; path = Coordinate.swift; sourceTree = "<group>"; };
		AE808BFC2771098B00FE59F1 /* Heap.swift */ = {isa = PBXFileReference; lastKnownFileType = sourcecode.swift; path = Heap.swift; sourceTree = "<group>"; };
		CC40A2FE275B78DE00B4C8EA /* Day4.swift */ = {isa = PBXFileReference; lastKnownFileType = sourcecode.swift; path = Day4.swift; sourceTree = "<group>"; };
		CC40A305275D2FD000B4C8EA /* Day5.swift */ = {isa = PBXFileReference; lastKnownFileType = sourcecode.swift; path = Day5.swift; sourceTree = "<group>"; };
		CC40A307275E1D4800B4C8EA /* Day6.swift */ = {isa = PBXFileReference; lastKnownFileType = sourcecode.swift; path = Day6.swift; sourceTree = "<group>"; };
		CC81A5C52761EACC00D1A6E4 /* Day8.swift */ = {isa = PBXFileReference; lastKnownFileType = sourcecode.swift; path = Day8.swift; sourceTree = "<group>"; };
		CC81A5C92764E89100D1A6E4 /* Day9.swift */ = {isa = PBXFileReference; lastKnownFileType = sourcecode.swift; path = Day9.swift; sourceTree = "<group>"; };
		CC81A5CB27654AFB00D1A6E4 /* Day10.swift */ = {isa = PBXFileReference; lastKnownFileType = sourcecode.swift; path = Day10.swift; sourceTree = "<group>"; };
		CC8D24CD275AAE65002287B2 /* Day3.swift */ = {isa = PBXFileReference; lastKnownFileType = sourcecode.swift; path = Day3.swift; sourceTree = "<group>"; };
		CC9A8579276607EA00CCE0A3 /* Day11.swift */ = {isa = PBXFileReference; lastKnownFileType = sourcecode.swift; path = Day11.swift; sourceTree = "<group>"; };
		CC9A857B2767DDE500CCE0A3 /* Day12.swift */ = {isa = PBXFileReference; lastKnownFileType = sourcecode.swift; path = Day12.swift; sourceTree = "<group>"; };
		CCE08471275F56FD00E04174 /* Day7.swift */ = {isa = PBXFileReference; lastKnownFileType = sourcecode.swift; path = Day7.swift; sourceTree = "<group>"; };
		CCFEE95C2757974900F4F086 /* Advent Of Code 2021 */ = {isa = PBXFileReference; explicitFileType = "compiled.mach-o.executable"; includeInIndex = 0; path = "Advent Of Code 2021"; sourceTree = BUILT_PRODUCTS_DIR; };
		CCFEE95F2757974900F4F086 /* main.swift */ = {isa = PBXFileReference; lastKnownFileType = sourcecode.swift; path = main.swift; sourceTree = "<group>"; };
		CCFEE9662757979000F4F086 /* Day1.swift */ = {isa = PBXFileReference; lastKnownFileType = sourcecode.swift; path = Day1.swift; sourceTree = "<group>"; };
		CCFEE9682758A9C400F4F086 /* Day2.swift */ = {isa = PBXFileReference; lastKnownFileType = sourcecode.swift; path = Day2.swift; sourceTree = "<group>"; };
/* End PBXFileReference section */

/* Begin PBXFrameworksBuildPhase section */
		CCFEE9592757974900F4F086 /* Frameworks */ = {
			isa = PBXFrameworksBuildPhase;
			buildActionMask = 2147483647;
			files = (
			);
			runOnlyForDeploymentPostprocessing = 0;
		};
/* End PBXFrameworksBuildPhase section */

/* Begin PBXGroup section */
		AE808BF82770F6C200FE59F1 /* Tools */ = {
			isa = PBXGroup;
			children = (
				AE808BF92770F6D000FE59F1 /* Coordinate.swift */,
				AE808BFC2771098B00FE59F1 /* Heap.swift */,
			);
			path = Tools;
			sourceTree = "<group>";
		};
		CCFEE9532757974900F4F086 = {
			isa = PBXGroup;
			children = (
				CCFEE95E2757974900F4F086 /* Advent Of Code 2021 */,
				CCFEE95D2757974900F4F086 /* Products */,
			);
			sourceTree = "<group>";
		};
		CCFEE95D2757974900F4F086 /* Products */ = {
			isa = PBXGroup;
			children = (
				CCFEE95C2757974900F4F086 /* Advent Of Code 2021 */,
			);
			name = Products;
			sourceTree = "<group>";
		};
		CCFEE95E2757974900F4F086 /* Advent Of Code 2021 */ = {
			isa = PBXGroup;
			children = (
				AE808BF82770F6C200FE59F1 /* Tools */,
				CCFEE95F2757974900F4F086 /* main.swift */,
				CCFEE9662757979000F4F086 /* Day1.swift */,
				CCFEE9682758A9C400F4F086 /* Day2.swift */,
				CC8D24CD275AAE65002287B2 /* Day3.swift */,
				CC40A2FE275B78DE00B4C8EA /* Day4.swift */,
				CC40A305275D2FD000B4C8EA /* Day5.swift */,
				CC40A307275E1D4800B4C8EA /* Day6.swift */,
				CCE08471275F56FD00E04174 /* Day7.swift */,
				CC81A5C52761EACC00D1A6E4 /* Day8.swift */,
				CC81A5C92764E89100D1A6E4 /* Day9.swift */,
				CC81A5CB27654AFB00D1A6E4 /* Day10.swift */,
				CC9A8579276607EA00CCE0A3 /* Day11.swift */,
				CC9A857B2767DDE500CCE0A3 /* Day12.swift */,
				AE808BED276945E500FE59F1 /* Day13.swift */,
				AE808BF0276A615F00FE59F1 /* Day14.swift */,
				AE808BF3276BE90200FE59F1 /* Day15.swift */,
			);
			path = "Advent Of Code 2021";
			sourceTree = "<group>";
		};
/* End PBXGroup section */

/* Begin PBXNativeTarget section */
		CCFEE95B2757974900F4F086 /* Advent Of Code 2021 */ = {
			isa = PBXNativeTarget;
			buildConfigurationList = CCFEE9632757974900F4F086 /* Build configuration list for PBXNativeTarget "Advent Of Code 2021" */;
			buildPhases = (
				CCFEE9582757974900F4F086 /* Sources */,
				CCFEE9592757974900F4F086 /* Frameworks */,
				CCFEE95A2757974900F4F086 /* CopyFiles */,
			);
			buildRules = (
			);
			dependencies = (
			);
			name = "Advent Of Code 2021";
			productName = "Advent Of Code 2021";
			productReference = CCFEE95C2757974900F4F086 /* Advent Of Code 2021 */;
			productType = "com.apple.product-type.tool";
		};
/* End PBXNativeTarget section */

/* Begin PBXProject section */
		CCFEE9542757974900F4F086 /* Project object */ = {
			isa = PBXProject;
			attributes = {
				BuildIndependentTargetsInParallel = 1;
				LastSwiftUpdateCheck = 1310;
				LastUpgradeCheck = 1310;
				TargetAttributes = {
					CCFEE95B2757974900F4F086 = {
						CreatedOnToolsVersion = 13.1;
					};
				};
			};
			buildConfigurationList = CCFEE9572757974900F4F086 /* Build configuration list for PBXProject "Advent Of Code 2021" */;
			compatibilityVersion = "Xcode 12.0";
			developmentRegion = en;
			hasScannedForEncodings = 0;
			knownRegions = (
				en,
				Base,
			);
			mainGroup = CCFEE9532757974900F4F086;
			productRefGroup = CCFEE95D2757974900F4F086 /* Products */;
			projectDirPath = "";
			projectRoot = "";
			targets = (
				CCFEE95B2757974900F4F086 /* Advent Of Code 2021 */,
			);
		};
/* End PBXProject section */

/* Begin PBXSourcesBuildPhase section */
		CCFEE9582757974900F4F086 /* Sources */ = {
			isa = PBXSourcesBuildPhase;
			buildActionMask = 2147483647;
			files = (
				AE808BFD2771098B00FE59F1 /* Heap.swift in Sources */,
				CCFEE9672757979000F4F086 /* Day1.swift in Sources */,
				CC40A2FF275B78DE00B4C8EA /* Day4.swift in Sources */,
				AE808BEE276945E500FE59F1 /* Day13.swift in Sources */,
				CC9A857A276607EA00CCE0A3 /* Day11.swift in Sources */,
				CCE08472275F56FD00E04174 /* Day7.swift in Sources */,
				CCFEE9692758A9C400F4F086 /* Day2.swift in Sources */,
				CC8D24CE275AAE65002287B2 /* Day3.swift in Sources */,
				CC40A306275D2FD000B4C8EA /* Day5.swift in Sources */,
				CC81A5CA2764E89100D1A6E4 /* Day9.swift in Sources */,
				CC81A5CC27654AFB00D1A6E4 /* Day10.swift in Sources */,
				AE808BF4276BE90200FE59F1 /* Day15.swift in Sources */,
				CC9A857C2767DDE500CCE0A3 /* Day12.swift in Sources */,
				CC40A308275E1D4800B4C8EA /* Day6.swift in Sources */,
				CC81A5C62761EACC00D1A6E4 /* Day8.swift in Sources */,
				CCFEE9602757974900F4F086 /* main.swift in Sources */,
				AE808BFA2770F6D000FE59F1 /* Coordinate.swift in Sources */,
				AE808BF1276A615F00FE59F1 /* Day14.swift in Sources */,
			);
			runOnlyForDeploymentPostprocessing = 0;
		};
/* End PBXSourcesBuildPhase section */

/* Begin XCBuildConfiguration section */
		CCFEE9612757974900F4F086 /* Debug */ = {
			isa = XCBuildConfiguration;
			buildSettings = {
				ALWAYS_SEARCH_USER_PATHS = NO;
				CLANG_ANALYZER_NONNULL = YES;
				CLANG_ANALYZER_NUMBER_OBJECT_CONVERSION = YES_AGGRESSIVE;
				CLANG_CXX_LANGUAGE_STANDARD = "gnu++17";
				CLANG_CXX_LIBRARY = "libc++";
				CLANG_ENABLE_MODULES = YES;
				CLANG_ENABLE_OBJC_ARC = YES;
				CLANG_ENABLE_OBJC_WEAK = YES;
				CLANG_WARN_BLOCK_CAPTURE_AUTORELEASING = YES;
				CLANG_WARN_BOOL_CONVERSION = YES;
				CLANG_WARN_COMMA = YES;
				CLANG_WARN_CONSTANT_CONVERSION = YES;
				CLANG_WARN_DEPRECATED_OBJC_IMPLEMENTATIONS = YES;
				CLANG_WARN_DIRECT_OBJC_ISA_USAGE = YES_ERROR;
				CLANG_WARN_DOCUMENTATION_COMMENTS = YES;
				CLANG_WARN_EMPTY_BODY = YES;
				CLANG_WARN_ENUM_CONVERSION = YES;
				CLANG_WARN_INFINITE_RECURSION = YES;
				CLANG_WARN_INT_CONVERSION = YES;
				CLANG_WARN_NON_LITERAL_NULL_CONVERSION = YES;
				CLANG_WARN_OBJC_IMPLICIT_RETAIN_SELF = YES;
				CLANG_WARN_OBJC_LITERAL_CONVERSION = YES;
				CLANG_WARN_OBJC_ROOT_CLASS = YES_ERROR;
				CLANG_WARN_QUOTED_INCLUDE_IN_FRAMEWORK_HEADER = YES;
				CLANG_WARN_RANGE_LOOP_ANALYSIS = YES;
				CLANG_WARN_STRICT_PROTOTYPES = YES;
				CLANG_WARN_SUSPICIOUS_MOVE = YES;
				CLANG_WARN_UNGUARDED_AVAILABILITY = YES_AGGRESSIVE;
				CLANG_WARN_UNREACHABLE_CODE = YES;
				CLANG_WARN__DUPLICATE_METHOD_MATCH = YES;
				COPY_PHASE_STRIP = NO;
				DEBUG_INFORMATION_FORMAT = dwarf;
				ENABLE_STRICT_OBJC_MSGSEND = YES;
				ENABLE_TESTABILITY = YES;
				GCC_C_LANGUAGE_STANDARD = gnu11;
				GCC_DYNAMIC_NO_PIC = NO;
				GCC_NO_COMMON_BLOCKS = YES;
				GCC_OPTIMIZATION_LEVEL = 0;
				GCC_PREPROCESSOR_DEFINITIONS = (
					"DEBUG=1",
					"$(inherited)",
				);
				GCC_WARN_64_TO_32_BIT_CONVERSION = YES;
				GCC_WARN_ABOUT_RETURN_TYPE = YES_ERROR;
				GCC_WARN_UNDECLARED_SELECTOR = YES;
				GCC_WARN_UNINITIALIZED_AUTOS = YES_AGGRESSIVE;
				GCC_WARN_UNUSED_FUNCTION = YES;
				GCC_WARN_UNUSED_VARIABLE = YES;
				MACOSX_DEPLOYMENT_TARGET = 12.0;
				MTL_ENABLE_DEBUG_INFO = INCLUDE_SOURCE;
				MTL_FAST_MATH = YES;
				ONLY_ACTIVE_ARCH = YES;
				SDKROOT = macosx;
				SWIFT_ACTIVE_COMPILATION_CONDITIONS = DEBUG;
				SWIFT_OPTIMIZATION_LEVEL = "-Onone";
			};
			name = Debug;
		};
		CCFEE9622757974900F4F086 /* Release */ = {
			isa = XCBuildConfiguration;
			buildSettings = {
				ALWAYS_SEARCH_USER_PATHS = NO;
				CLANG_ANALYZER_NONNULL = YES;
				CLANG_ANALYZER_NUMBER_OBJECT_CONVERSION = YES_AGGRESSIVE;
				CLANG_CXX_LANGUAGE_STANDARD = "gnu++17";
				CLANG_CXX_LIBRARY = "libc++";
				CLANG_ENABLE_MODULES = YES;
				CLANG_ENABLE_OBJC_ARC = YES;
				CLANG_ENABLE_OBJC_WEAK = YES;
				CLANG_WARN_BLOCK_CAPTURE_AUTORELEASING = YES;
				CLANG_WARN_BOOL_CONVERSION = YES;
				CLANG_WARN_COMMA = YES;
				CLANG_WARN_CONSTANT_CONVERSION = YES;
				CLANG_WARN_DEPRECATED_OBJC_IMPLEMENTATIONS = YES;
				CLANG_WARN_DIRECT_OBJC_ISA_USAGE = YES_ERROR;
				CLANG_WARN_DOCUMENTATION_COMMENTS = YES;
				CLANG_WARN_EMPTY_BODY = YES;
				CLANG_WARN_ENUM_CONVERSION = YES;
				CLANG_WARN_INFINITE_RECURSION = YES;
				CLANG_WARN_INT_CONVERSION = YES;
				CLANG_WARN_NON_LITERAL_NULL_CONVERSION = YES;
				CLANG_WARN_OBJC_IMPLICIT_RETAIN_SELF = YES;
				CLANG_WARN_OBJC_LITERAL_CONVERSION = YES;
				CLANG_WARN_OBJC_ROOT_CLASS = YES_ERROR;
				CLANG_WARN_QUOTED_INCLUDE_IN_FRAMEWORK_HEADER = YES;
				CLANG_WARN_RANGE_LOOP_ANALYSIS = YES;
				CLANG_WARN_STRICT_PROTOTYPES = YES;
				CLANG_WARN_SUSPICIOUS_MOVE = YES;
				CLANG_WARN_UNGUARDED_AVAILABILITY = YES_AGGRESSIVE;
				CLANG_WARN_UNREACHABLE_CODE = YES;
				CLANG_WARN__DUPLICATE_METHOD_MATCH = YES;
				COPY_PHASE_STRIP = NO;
				DEBUG_INFORMATION_FORMAT = "dwarf-with-dsym";
				ENABLE_NS_ASSERTIONS = NO;
				ENABLE_STRICT_OBJC_MSGSEND = YES;
				GCC_C_LANGUAGE_STANDARD = gnu11;
				GCC_NO_COMMON_BLOCKS = YES;
				GCC_WARN_64_TO_32_BIT_CONVERSION = YES;
				GCC_WARN_ABOUT_RETURN_TYPE = YES_ERROR;
				GCC_WARN_UNDECLARED_SELECTOR = YES;
				GCC_WARN_UNINITIALIZED_AUTOS = YES_AGGRESSIVE;
				GCC_WARN_UNUSED_FUNCTION = YES;
				GCC_WARN_UNUSED_VARIABLE = YES;
				MACOSX_DEPLOYMENT_TARGET = 12.0;
				MTL_ENABLE_DEBUG_INFO = NO;
				MTL_FAST_MATH = YES;
				SDKROOT = macosx;
				SWIFT_COMPILATION_MODE = wholemodule;
				SWIFT_OPTIMIZATION_LEVEL = "-O";
			};
			name = Release;
		};
		CCFEE9642757974900F4F086 /* Debug */ = {
			isa = XCBuildConfiguration;
			buildSettings = {
				CODE_SIGN_STYLE = Automatic;
				MACOSX_DEPLOYMENT_TARGET = 10.15;
				PRODUCT_NAME = "$(TARGET_NAME)";
				SWIFT_VERSION = 5.0;
			};
			name = Debug;
		};
		CCFEE9652757974900F4F086 /* Release */ = {
			isa = XCBuildConfiguration;
			buildSettings = {
				CODE_SIGN_STYLE = Automatic;
				MACOSX_DEPLOYMENT_TARGET = 10.15;
				PRODUCT_NAME = "$(TARGET_NAME)";
				SWIFT_VERSION = 5.0;
			};
			name = Release;
		};
/* End XCBuildConfiguration section */

/* Begin XCConfigurationList section */
		CCFEE9572757974900F4F086 /* Build configuration list for PBXProject "Advent Of Code 2021" */ = {
			isa = XCConfigurationList;
			buildConfigurations = (
				CCFEE9612757974900F4F086 /* Debug */,
				CCFEE9622757974900F4F086 /* Release */,
			);
			defaultConfigurationIsVisible = 0;
			defaultConfigurationName = Release;
		};
		CCFEE9632757974900F4F086 /* Build configuration list for PBXNativeTarget "Advent Of Code 2021" */ = {
			isa = XCConfigurationList;
			buildConfigurations = (
				CCFEE9642757974900F4F086 /* Debug */,
				CCFEE9652757974900F4F086 /* Release */,
			);
			defaultConfigurationIsVisible = 0;
			defaultConfigurationName = Release;
		};
/* End XCConfigurationList section */
	};
	rootObject = CCFEE9542757974900F4F086 /* Project object */;
}
